
Microsoft Visual Studio Solution File, Format Version 12.00
# Visual Studio Version 17
VisualStudioVersion = 17.5.33530.505
MinimumVisualStudioVersion = 10.0.40219.1
Project("{888888A0-9F3D-457C-B088-3A5042F75D52}") = "11.hafta_yamuk_ile_integral_fonksiyonel", "11.hafta_yamuk_ile_integral_fonksiyonel\11.hafta_yamuk_ile_integral_fonksiyonel.pyproj", "{84953663-B20C-4196-88F9-CFACF563CC8E}"
EndProject
Global
	GlobalSection(SolutionConfigurationPlatforms) = preSolution
		Debug|Any CPU = Debug|Any CPU
		Release|Any CPU = Release|Any CPU
	EndGlobalSection
	GlobalSection(ProjectConfigurationPlatforms) = postSolution
		{84953663-B20C-4196-88F9-CFACF563CC8E}.Debug|Any CPU.ActiveCfg = Debug|Any CPU
		{84953663-B20C-4196-88F9-CFACF563CC8E}.Release|Any CPU.ActiveCfg = Release|Any CPU
	EndGlobalSection
	GlobalSection(SolutionProperties) = preSolution
		HideSolutionNode = FALSE
	EndGlobalSection
	GlobalSection(ExtensibilityGlobals) = postSolution
		SolutionGuid = {1F4477EB-E595-45A7-AB37-9A166FC39C31}
	EndGlobalSection
EndGlobal
