
Microsoft Visual Studio Solution File, Format Version 12.00
# Visual Studio Version 17
VisualStudioVersion = 17.5.33530.505
MinimumVisualStudioVersion = 10.0.40219.1
Project("{888888A0-9F3D-457C-B088-3A5042F75D52}") = "6.hafta_katlı_kokler", "6.hafta_katlı_kokler\6.hafta_katlı_kokler.pyproj", "{15DA1FD2-C06F-4FC6-9DAE-5ECBCB6ADAF7}"
EndProject
Global
	GlobalSection(SolutionConfigurationPlatforms) = preSolution
		Debug|Any CPU = Debug|Any CPU
		Release|Any CPU = Release|Any CPU
	EndGlobalSection
	GlobalSection(ProjectConfigurationPlatforms) = postSolution
		{15DA1FD2-C06F-4FC6-9DAE-5ECBCB6ADAF7}.Debug|Any CPU.ActiveCfg = Debug|Any CPU
		{15DA1FD2-C06F-4FC6-9DAE-5ECBCB6ADAF7}.Release|Any CPU.ActiveCfg = Release|Any CPU
	EndGlobalSection
	GlobalSection(SolutionProperties) = preSolution
		HideSolutionNode = FALSE
	EndGlobalSection
	GlobalSection(ExtensibilityGlobals) = postSolution
		SolutionGuid = {5BF36498-200B-4C87-81BF-CDA522ED40CC}
	EndGlobalSection
EndGlobal
