
Microsoft Visual Studio Solution File, Format Version 12.00
# Visual Studio Version 17
VisualStudioVersion = 17.5.33530.505
MinimumVisualStudioVersion = 10.0.40219.1
Project("{888888A0-9F3D-457C-B088-3A5042F75D52}") = "7.hafta_lineer_denklem_çözümü", "7.hafta_lineer_denklem_çözümü\7.hafta_lineer_denklem_çözümü.pyproj", "{6C3039CA-2181-4E92-B180-B960DEC81F5D}"
EndProject
Global
	GlobalSection(SolutionConfigurationPlatforms) = preSolution
		Debug|Any CPU = Debug|Any CPU
		Release|Any CPU = Release|Any CPU
	EndGlobalSection
	GlobalSection(ProjectConfigurationPlatforms) = postSolution
		{6C3039CA-2181-4E92-B180-B960DEC81F5D}.Debug|Any CPU.ActiveCfg = Debug|Any CPU
		{6C3039CA-2181-4E92-B180-B960DEC81F5D}.Release|Any CPU.ActiveCfg = Release|Any CPU
	EndGlobalSection
	GlobalSection(SolutionProperties) = preSolution
		HideSolutionNode = FALSE
	EndGlobalSection
	GlobalSection(ExtensibilityGlobals) = postSolution
		SolutionGuid = {8BBE3F02-F838-476D-A7BE-D0C5CA36DE60}
	EndGlobalSection
EndGlobal
