
Microsoft Visual Studio Solution File, Format Version 12.00
# Visual Studio Version 17
VisualStudioVersion = 17.5.33530.505
MinimumVisualStudioVersion = 10.0.40219.1
Project("{888888A0-9F3D-457C-B088-3A5042F75D52}") = "9.hafta_1_2_3_4_dereceye_yaklaştırma", "9.hafta_1_2_3_4_dereceye_yaklaştırma\9.hafta_1_2_3_4_dereceye_yaklaştırma.pyproj", "{18EE9459-DBE6-4686-90B5-CAC9FF899D2B}"
EndProject
Global
	GlobalSection(SolutionConfigurationPlatforms) = preSolution
		Debug|Any CPU = Debug|Any CPU
		Release|Any CPU = Release|Any CPU
	EndGlobalSection
	GlobalSection(ProjectConfigurationPlatforms) = postSolution
		{18EE9459-DBE6-4686-90B5-CAC9FF899D2B}.Debug|Any CPU.ActiveCfg = Debug|Any CPU
		{18EE9459-DBE6-4686-90B5-CAC9FF899D2B}.Release|Any CPU.ActiveCfg = Release|Any CPU
	EndGlobalSection
	GlobalSection(SolutionProperties) = preSolution
		HideSolutionNode = FALSE
	EndGlobalSection
	GlobalSection(ExtensibilityGlobals) = postSolution
		SolutionGuid = {4F13F57E-4274-4013-91D3-F9D86A942333}
	EndGlobalSection
EndGlobal
