
Microsoft Visual Studio Solution File, Format Version 12.00
# Visual Studio Version 17
VisualStudioVersion = 17.5.33530.505
MinimumVisualStudioVersion = 10.0.40219.1
Project("{888888A0-9F3D-457C-B088-3A5042F75D52}") = "12.hafta_taylor_serisi", "12.hafta_taylor_serisi\12.hafta_taylor_serisi.pyproj", "{EE9452BE-28AE-41A0-8826-5883FC85BC39}"
EndProject
Global
	GlobalSection(SolutionConfigurationPlatforms) = preSolution
		Debug|Any CPU = Debug|Any CPU
		Release|Any CPU = Release|Any CPU
	EndGlobalSection
	GlobalSection(ProjectConfigurationPlatforms) = postSolution
		{EE9452BE-28AE-41A0-8826-5883FC85BC39}.Debug|Any CPU.ActiveCfg = Debug|Any CPU
		{EE9452BE-28AE-41A0-8826-5883FC85BC39}.Release|Any CPU.ActiveCfg = Release|Any CPU
	EndGlobalSection
	GlobalSection(SolutionProperties) = preSolution
		HideSolutionNode = FALSE
	EndGlobalSection
	GlobalSection(ExtensibilityGlobals) = postSolution
		SolutionGuid = {426A3920-DF4F-400E-95BC-9393389B9F39}
	EndGlobalSection
EndGlobal
