
Microsoft Visual Studio Solution File, Format Version 12.00
# Visual Studio Version 17
VisualStudioVersion = 17.5.33530.505
MinimumVisualStudioVersion = 10.0.40219.1
Project("{888888A0-9F3D-457C-B088-3A5042F75D52}") = "5.hafta_newton_raphson_ile_egimden_iterasyon", "5.hafta_newton_raphson_ile_egimden_iterasyon\5.hafta_newton_raphson_ile_egimden_iterasyon.pyproj", "{6F15B428-B34A-4F3F-B026-9C6C8AF04E18}"
EndProject
Global
	GlobalSection(SolutionConfigurationPlatforms) = preSolution
		Debug|Any CPU = Debug|Any CPU
		Release|Any CPU = Release|Any CPU
	EndGlobalSection
	GlobalSection(ProjectConfigurationPlatforms) = postSolution
		{6F15B428-B34A-4F3F-B026-9C6C8AF04E18}.Debug|Any CPU.ActiveCfg = Debug|Any CPU
		{6F15B428-B34A-4F3F-B026-9C6C8AF04E18}.Release|Any CPU.ActiveCfg = Release|Any CPU
	EndGlobalSection
	GlobalSection(SolutionProperties) = preSolution
		HideSolutionNode = FALSE
	EndGlobalSection
	GlobalSection(ExtensibilityGlobals) = postSolution
		SolutionGuid = {246E4B0A-BA2D-42CB-8451-DE06A986BEED}
	EndGlobalSection
EndGlobal
